// !$*UTF8*$!
{
	archiveVersion = 1;
	classes = {
	};
	objectVersion = 52;
	objects = {

/* Begin PBXBuildFile section */
		7742AB442611E41300A8FAD9 /* UserDefaults.swift in Sources */ = {isa = PBXBuildFile; fileRef = 7742AB432611E41300A8FAD9 /* UserDefaults.swift */; };
		7742AB472611E49C00A8FAD9 /* AppData.swift in Sources */ = {isa = PBXBuildFile; fileRef = 7742AB462611E49C00A8FAD9 /* AppData.swift */; };
		7751E88E260B590900629ECA /* Alamofire in Frameworks */ = {isa = PBXBuildFile; productRef = 7751E88D260B590900629ECA /* Alamofire */; };
		7751E892260B736900629ECA /* StocksListViewModel.swift in Sources */ = {isa = PBXBuildFile; fileRef = 7751E891260B736900629ECA /* StocksListViewModel.swift */; };
		775797F52609E3BB00F748E9 /* Date+Ext.swift in Sources */ = {isa = PBXBuildFile; fileRef = 775797F42609E3BB00F748E9 /* Date+Ext.swift */; };
		776310372604AB7A00026B9B /* Stocks_EduProjApp.swift in Sources */ = {isa = PBXBuildFile; fileRef = 776310362604AB7A00026B9B /* Stocks_EduProjApp.swift */; };
		7763103B2604AB7C00026B9B /* Assets.xcassets in Resources */ = {isa = PBXBuildFile; fileRef = 7763103A2604AB7C00026B9B /* Assets.xcassets */; };
		7763103E2604AB7C00026B9B /* Preview Assets.xcassets in Resources */ = {isa = PBXBuildFile; fileRef = 7763103D2604AB7C00026B9B /* Preview Assets.xcassets */; };
		7763104A2604B8AD00026B9B /* Quote.swift in Sources */ = {isa = PBXBuildFile; fileRef = 776310492604B8AD00026B9B /* Quote.swift */; };
		77631057260692EE00026B9B /* StocksView.swift in Sources */ = {isa = PBXBuildFile; fileRef = 77631056260692EE00026B9B /* StocksView.swift */; };
		776E7B34260DD09600D2F90C /* QuoteResponse.swift in Sources */ = {isa = PBXBuildFile; fileRef = 776E7B33260DD09600D2F90C /* QuoteResponse.swift */; };
		77A44305260A427D00C9D642 /* SearchBar.swift in Sources */ = {isa = PBXBuildFile; fileRef = 77A44304260A427D00C9D642 /* SearchBar.swift */; };
		77B103AA26136ED900440C0B /* Spark.swift in Sources */ = {isa = PBXBuildFile; fileRef = 77B103A926136ED900440C0B /* Spark.swift */; };
		77B103B626150B8C00440C0B /* LineView.swift in Sources */ = {isa = PBXBuildFile; fileRef = 77B103B526150B8C00440C0B /* LineView.swift */; };
		77B103BF261713A200440C0B /* Stocks_EduProjTests.swift in Sources */ = {isa = PBXBuildFile; fileRef = 77B103BE261713A200440C0B /* Stocks_EduProjTests.swift */; };
		77B103CA261DAAD300440C0B /* StockCell.swift in Sources */ = {isa = PBXBuildFile; fileRef = 77B103C9261DAAD300440C0B /* StockCell.swift */; };
		77D1A02B260DE59200D312A9 /* NetworkController.swift in Sources */ = {isa = PBXBuildFile; fileRef = 77D1A02A260DE59200D312A9 /* NetworkController.swift */; };
		77D1A02E260DEC7A00D312A9 /* Dictionary+Ext.swift in Sources */ = {isa = PBXBuildFile; fileRef = 77D1A02D260DEC7A00D312A9 /* Dictionary+Ext.swift */; };
		77D545E4260C94F00075CB51 /* SwiftyJSON in Frameworks */ = {isa = PBXBuildFile; productRef = 77D545E3260C94F00075CB51 /* SwiftyJSON */; };
		77D545E7260CA4440075CB51 /* JSON+Ext.swift in Sources */ = {isa = PBXBuildFile; fileRef = 77D545E6260CA4440075CB51 /* JSON+Ext.swift */; };
		77E9BC862612073E0025816B /* NavigationSearchBar in Frameworks */ = {isa = PBXBuildFile; productRef = 77E9BC852612073E0025816B /* NavigationSearchBar */; };
		A5730BA1260E1C9E009068DE /* StocksAPIController.swift in Sources */ = {isa = PBXBuildFile; fileRef = A5730BA0260E1C9E009068DE /* StocksAPIController.swift */; };
		A5DE30EA260E0CCC00413ED4 /* EndPoint.swift in Sources */ = {isa = PBXBuildFile; fileRef = A5DE30E9260E0CCC00413ED4 /* EndPoint.swift */; };
		A5DE30EE260E0D5E00413ED4 /* QoutesEndPoints.swift in Sources */ = {isa = PBXBuildFile; fileRef = A5DE30ED260E0D5E00413ED4 /* QoutesEndPoints.swift */; };
		A5DE30F2260E115C00413ED4 /* EndPoints+QueryParams.swift in Sources */ = {isa = PBXBuildFile; fileRef = A5DE30F1260E115C00413ED4 /* EndPoints+QueryParams.swift */; };
		A5ED54E12624391300494EE6 /* Charts in Frameworks */ = {isa = PBXBuildFile; productRef = A5ED54E02624391300494EE6 /* Charts */; };
/* End PBXBuildFile section */

/* Begin PBXContainerItemProxy section */
		77B103C1261713A200440C0B /* PBXContainerItemProxy */ = {
			isa = PBXContainerItemProxy;
			containerPortal = 7763102B2604AB7A00026B9B /* Project object */;
			proxyType = 1;
			remoteGlobalIDString = 776310322604AB7A00026B9B;
			remoteInfo = Stocks.EduProj;
		};
/* End PBXContainerItemProxy section */

/* Begin PBXFileReference section */
		7742AB432611E41300A8FAD9 /* UserDefaults.swift */ = {isa = PBXFileReference; lastKnownFileType = sourcecode.swift; path = UserDefaults.swift; sourceTree = "<group>"; };
		7742AB462611E49C00A8FAD9 /* AppData.swift */ = {isa = PBXFileReference; lastKnownFileType = sourcecode.swift; path = AppData.swift; sourceTree = "<group>"; };
		7751E891260B736900629ECA /* StocksListViewModel.swift */ = {isa = PBXFileReference; lastKnownFileType = sourcecode.swift; path = StocksListViewModel.swift; sourceTree = "<group>"; xcLanguageSpecificationIdentifier = xcode.lang.swift; };
		775797F42609E3BB00F748E9 /* Date+Ext.swift */ = {isa = PBXFileReference; lastKnownFileType = sourcecode.swift; path = "Date+Ext.swift"; sourceTree = "<group>"; };
		776310332604AB7A00026B9B /* Stocks.EduProj.app */ = {isa = PBXFileReference; explicitFileType = wrapper.application; includeInIndex = 0; path = Stocks.EduProj.app; sourceTree = BUILT_PRODUCTS_DIR; };
		776310362604AB7A00026B9B /* Stocks_EduProjApp.swift */ = {isa = PBXFileReference; lastKnownFileType = sourcecode.swift; path = Stocks_EduProjApp.swift; sourceTree = "<group>"; };
		7763103A2604AB7C00026B9B /* Assets.xcassets */ = {isa = PBXFileReference; lastKnownFileType = folder.assetcatalog; path = Assets.xcassets; sourceTree = "<group>"; };
		7763103D2604AB7C00026B9B /* Preview Assets.xcassets */ = {isa = PBXFileReference; lastKnownFileType = folder.assetcatalog; path = "Preview Assets.xcassets"; sourceTree = "<group>"; };
		7763103F2604AB7C00026B9B /* Info.plist */ = {isa = PBXFileReference; lastKnownFileType = text.plist.xml; path = Info.plist; sourceTree = "<group>"; };
		776310492604B8AD00026B9B /* Quote.swift */ = {isa = PBXFileReference; lastKnownFileType = sourcecode.swift; path = Quote.swift; sourceTree = "<group>"; };
		77631056260692EE00026B9B /* StocksView.swift */ = {isa = PBXFileReference; lastKnownFileType = sourcecode.swift; path = StocksView.swift; sourceTree = "<group>"; };
		776E7B33260DD09600D2F90C /* QuoteResponse.swift */ = {isa = PBXFileReference; lastKnownFileType = sourcecode.swift; path = QuoteResponse.swift; sourceTree = "<group>"; };
		77A44304260A427D00C9D642 /* SearchBar.swift */ = {isa = PBXFileReference; lastKnownFileType = sourcecode.swift; path = SearchBar.swift; sourceTree = "<group>"; };
		77B103A926136ED900440C0B /* Spark.swift */ = {isa = PBXFileReference; lastKnownFileType = sourcecode.swift; path = Spark.swift; sourceTree = "<group>"; };
		77B103B526150B8C00440C0B /* LineView.swift */ = {isa = PBXFileReference; lastKnownFileType = sourcecode.swift; path = LineView.swift; sourceTree = "<group>"; };
		77B103BC261713A200440C0B /* Stocks.EduProjTests.xctest */ = {isa = PBXFileReference; explicitFileType = wrapper.cfbundle; includeInIndex = 0; path = Stocks.EduProjTests.xctest; sourceTree = BUILT_PRODUCTS_DIR; };
		77B103BE261713A200440C0B /* Stocks_EduProjTests.swift */ = {isa = PBXFileReference; lastKnownFileType = sourcecode.swift; path = Stocks_EduProjTests.swift; sourceTree = "<group>"; };
		77B103C0261713A200440C0B /* Info.plist */ = {isa = PBXFileReference; lastKnownFileType = text.plist.xml; path = Info.plist; sourceTree = "<group>"; };
		77B103C9261DAAD300440C0B /* StockCell.swift */ = {isa = PBXFileReference; lastKnownFileType = sourcecode.swift; path = StockCell.swift; sourceTree = "<group>"; };
		77D1A02A260DE59200D312A9 /* NetworkController.swift */ = {isa = PBXFileReference; lastKnownFileType = sourcecode.swift; path = NetworkController.swift; sourceTree = "<group>"; };
		77D1A02D260DEC7A00D312A9 /* Dictionary+Ext.swift */ = {isa = PBXFileReference; lastKnownFileType = sourcecode.swift; path = "Dictionary+Ext.swift"; sourceTree = "<group>"; };
		77D545E6260CA4440075CB51 /* JSON+Ext.swift */ = {isa = PBXFileReference; lastKnownFileType = sourcecode.swift; path = "JSON+Ext.swift"; sourceTree = "<group>"; };
		A5730BA0260E1C9E009068DE /* StocksAPIController.swift */ = {isa = PBXFileReference; lastKnownFileType = sourcecode.swift; path = StocksAPIController.swift; sourceTree = "<group>"; };
		A5DE30E9260E0CCC00413ED4 /* EndPoint.swift */ = {isa = PBXFileReference; lastKnownFileType = sourcecode.swift; path = EndPoint.swift; sourceTree = "<group>"; };
		A5DE30ED260E0D5E00413ED4 /* QoutesEndPoints.swift */ = {isa = PBXFileReference; lastKnownFileType = sourcecode.swift; path = QoutesEndPoints.swift; sourceTree = "<group>"; };
		A5DE30F1260E115C00413ED4 /* EndPoints+QueryParams.swift */ = {isa = PBXFileReference; lastKnownFileType = sourcecode.swift; path = "EndPoints+QueryParams.swift"; sourceTree = "<group>"; };
/* End PBXFileReference section */

/* Begin PBXFrameworksBuildPhase section */
		776310302604AB7A00026B9B /* Frameworks */ = {
			isa = PBXFrameworksBuildPhase;
			buildActionMask = 2147483647;
			files = (
				77E9BC862612073E0025816B /* NavigationSearchBar in Frameworks */,
				77D545E4260C94F00075CB51 /* SwiftyJSON in Frameworks */,
				7751E88E260B590900629ECA /* Alamofire in Frameworks */,
				A5ED54E12624391300494EE6 /* Charts in Frameworks */,
			);
			runOnlyForDeploymentPostprocessing = 0;
		};
		77B103B9261713A200440C0B /* Frameworks */ = {
			isa = PBXFrameworksBuildPhase;
			buildActionMask = 2147483647;
			files = (
			);
			runOnlyForDeploymentPostprocessing = 0;
		};
/* End PBXFrameworksBuildPhase section */

/* Begin PBXGroup section */
		7742AB422611E3EA00A8FAD9 /* Generics */ = {
			isa = PBXGroup;
			children = (
				7742AB432611E41300A8FAD9 /* UserDefaults.swift */,
			);
			path = Generics;
			sourceTree = "<group>";
		};
		7751E890260B734C00629ECA /* ViewModel */ = {
			isa = PBXGroup;
			children = (
				7751E891260B736900629ECA /* StocksListViewModel.swift */,
			);
			path = ViewModel;
			sourceTree = "<group>";
		};
		775797F22609DA0E00F748E9 /* Helpers */ = {
			isa = PBXGroup;
			children = (
				775797F42609E3BB00F748E9 /* Date+Ext.swift */,
				77D545E6260CA4440075CB51 /* JSON+Ext.swift */,
				77D1A02D260DEC7A00D312A9 /* Dictionary+Ext.swift */,
			);
			path = Helpers;
			sourceTree = "<group>";
		};
		775797FA2609FB2600F748E9 /* StocksView */ = {
			isa = PBXGroup;
			children = (
				77631056260692EE00026B9B /* StocksView.swift */,
				775797FB2609FB4200F748E9 /* Views */,
			);
			path = StocksView;
			sourceTree = "<group>";
		};
		775797FB2609FB4200F748E9 /* Views */ = {
			isa = PBXGroup;
			children = (
				77B103C8261DAABF00440C0B /* Cells */,
				77A44304260A427D00C9D642 /* SearchBar.swift */,
				77B103B526150B8C00440C0B /* LineView.swift */,
			);
			path = Views;
			sourceTree = "<group>";
		};
		7763102A2604AB7A00026B9B = {
			isa = PBXGroup;
			children = (
				776310352604AB7A00026B9B /* Stocks.EduProj */,
				77B103BD261713A200440C0B /* Stocks.EduProjTests */,
				776310342604AB7A00026B9B /* Products */,
			);
			sourceTree = "<group>";
		};
		776310342604AB7A00026B9B /* Products */ = {
			isa = PBXGroup;
			children = (
				776310332604AB7A00026B9B /* Stocks.EduProj.app */,
				77B103BC261713A200440C0B /* Stocks.EduProjTests.xctest */,
			);
			name = Products;
			sourceTree = "<group>";
		};
		776310352604AB7A00026B9B /* Stocks.EduProj */ = {
			isa = PBXGroup;
			children = (
				7742AB422611E3EA00A8FAD9 /* Generics */,
				77D545DB260C7F3C0075CB51 /* Services */,
				7751E890260B734C00629ECA /* ViewModel */,
				775797F22609DA0E00F748E9 /* Helpers */,
				776310482604B88800026B9B /* Views */,
				776310472604B87B00026B9B /* Models */,
				776310362604AB7A00026B9B /* Stocks_EduProjApp.swift */,
				7763103A2604AB7C00026B9B /* Assets.xcassets */,
				7763103F2604AB7C00026B9B /* Info.plist */,
				7763103C2604AB7C00026B9B /* Preview Content */,
			);
			path = Stocks.EduProj;
			sourceTree = "<group>";
		};
		7763103C2604AB7C00026B9B /* Preview Content */ = {
			isa = PBXGroup;
			children = (
				7763103D2604AB7C00026B9B /* Preview Assets.xcassets */,
			);
			path = "Preview Content";
			sourceTree = "<group>";
		};
		776310472604B87B00026B9B /* Models */ = {
			isa = PBXGroup;
			children = (
				776310492604B8AD00026B9B /* Quote.swift */,
				776E7B33260DD09600D2F90C /* QuoteResponse.swift */,
				77B103A926136ED900440C0B /* Spark.swift */,
				7742AB462611E49C00A8FAD9 /* AppData.swift */,
			);
			path = Models;
			sourceTree = "<group>";
		};
		776310482604B88800026B9B /* Views */ = {
			isa = PBXGroup;
			children = (
				775797FA2609FB2600F748E9 /* StocksView */,
			);
			path = Views;
			sourceTree = "<group>";
		};
		77B103BD261713A200440C0B /* Stocks.EduProjTests */ = {
			isa = PBXGroup;
			children = (
				77B103BE261713A200440C0B /* Stocks_EduProjTests.swift */,
				77B103C0261713A200440C0B /* Info.plist */,
			);
			path = Stocks.EduProjTests;
			sourceTree = "<group>";
		};
		77B103C8261DAABF00440C0B /* Cells */ = {
			isa = PBXGroup;
			children = (
				77B103C9261DAAD300440C0B /* StockCell.swift */,
			);
			path = Cells;
			sourceTree = "<group>";
		};
		77D545DB260C7F3C0075CB51 /* Services */ = {
			isa = PBXGroup;
			children = (
				A5DE30ED260E0D5E00413ED4 /* QoutesEndPoints.swift */,
				A5DE30E9260E0CCC00413ED4 /* EndPoint.swift */,
				A5DE30F1260E115C00413ED4 /* EndPoints+QueryParams.swift */,
				77D1A02A260DE59200D312A9 /* NetworkController.swift */,
				A5730BA0260E1C9E009068DE /* StocksAPIController.swift */,
			);
			path = Services;
			sourceTree = "<group>";
		};
/* End PBXGroup section */

/* Begin PBXNativeTarget section */
		776310322604AB7A00026B9B /* Stocks.EduProj */ = {
			isa = PBXNativeTarget;
			buildConfigurationList = 776310422604AB7C00026B9B /* Build configuration list for PBXNativeTarget "Stocks.EduProj" */;
			buildPhases = (
				7763102F2604AB7A00026B9B /* Sources */,
				776310302604AB7A00026B9B /* Frameworks */,
				776310312604AB7A00026B9B /* Resources */,
			);
			buildRules = (
			);
			dependencies = (
			);
			name = Stocks.EduProj;
			packageProductDependencies = (
				7751E88D260B590900629ECA /* Alamofire */,
				77D545E3260C94F00075CB51 /* SwiftyJSON */,
				77E9BC852612073E0025816B /* NavigationSearchBar */,
				A5ED54E02624391300494EE6 /* Charts */,
			);
			productName = Stocks.EduProj;
			productReference = 776310332604AB7A00026B9B /* Stocks.EduProj.app */;
			productType = "com.apple.product-type.application";
		};
		77B103BB261713A200440C0B /* Stocks.EduProjTests */ = {
			isa = PBXNativeTarget;
			buildConfigurationList = 77B103C3261713A200440C0B /* Build configuration list for PBXNativeTarget "Stocks.EduProjTests" */;
			buildPhases = (
				77B103B8261713A200440C0B /* Sources */,
				77B103B9261713A200440C0B /* Frameworks */,
				77B103BA261713A200440C0B /* Resources */,
			);
			buildRules = (
			);
			dependencies = (
				77B103C2261713A200440C0B /* PBXTargetDependency */,
			);
			name = Stocks.EduProjTests;
			productName = Stocks.EduProjTests;
			productReference = 77B103BC261713A200440C0B /* Stocks.EduProjTests.xctest */;
			productType = "com.apple.product-type.bundle.unit-test";
		};
/* End PBXNativeTarget section */

/* Begin PBXProject section */
		7763102B2604AB7A00026B9B /* Project object */ = {
			isa = PBXProject;
			attributes = {
				LastSwiftUpdateCheck = 1240;
				LastUpgradeCheck = 1240;
				TargetAttributes = {
					776310322604AB7A00026B9B = {
						CreatedOnToolsVersion = 12.4;
					};
					77B103BB261713A200440C0B = {
						CreatedOnToolsVersion = 12.4;
						TestTargetID = 776310322604AB7A00026B9B;
					};
				};
			};
			buildConfigurationList = 7763102E2604AB7A00026B9B /* Build configuration list for PBXProject "Stocks.EduProj" */;
			compatibilityVersion = "Xcode 9.3";
			developmentRegion = en;
			hasScannedForEncodings = 0;
			knownRegions = (
				en,
				Base,
			);
			mainGroup = 7763102A2604AB7A00026B9B;
			packageReferences = (
				7751E88C260B590900629ECA /* XCRemoteSwiftPackageReference "Alamofire" */,
				77D545E2260C94F00075CB51 /* XCRemoteSwiftPackageReference "SwiftyJSON" */,
				77E9BC842612073E0025816B /* XCRemoteSwiftPackageReference "NavigationSearchBar" */,
				A5ED54DF2624391300494EE6 /* XCRemoteSwiftPackageReference "swiftui-charts" */,
			);
			productRefGroup = 776310342604AB7A00026B9B /* Products */;
			projectDirPath = "";
			projectRoot = "";
			targets = (
				776310322604AB7A00026B9B /* Stocks.EduProj */,
				77B103BB261713A200440C0B /* Stocks.EduProjTests */,
			);
		};
/* End PBXProject section */

/* Begin PBXResourcesBuildPhase section */
		776310312604AB7A00026B9B /* Resources */ = {
			isa = PBXResourcesBuildPhase;
			buildActionMask = 2147483647;
			files = (
				7763103E2604AB7C00026B9B /* Preview Assets.xcassets in Resources */,
				7763103B2604AB7C00026B9B /* Assets.xcassets in Resources */,
			);
			runOnlyForDeploymentPostprocessing = 0;
		};
		77B103BA261713A200440C0B /* Resources */ = {
			isa = PBXResourcesBuildPhase;
			buildActionMask = 2147483647;
			files = (
			);
			runOnlyForDeploymentPostprocessing = 0;
		};
/* End PBXResourcesBuildPhase section */

/* Begin PBXSourcesBuildPhase section */
		7763102F2604AB7A00026B9B /* Sources */ = {
			isa = PBXSourcesBuildPhase;
			buildActionMask = 2147483647;
			files = (
				77631057260692EE00026B9B /* StocksView.swift in Sources */,
				77D1A02B260DE59200D312A9 /* NetworkController.swift in Sources */,
				776310372604AB7A00026B9B /* Stocks_EduProjApp.swift in Sources */,
				77D1A02E260DEC7A00D312A9 /* Dictionary+Ext.swift in Sources */,
				7742AB442611E41300A8FAD9 /* UserDefaults.swift in Sources */,
				7763104A2604B8AD00026B9B /* Quote.swift in Sources */,
				A5DE30F2260E115C00413ED4 /* EndPoints+QueryParams.swift in Sources */,
				A5DE30EE260E0D5E00413ED4 /* QoutesEndPoints.swift in Sources */,
				77B103AA26136ED900440C0B /* Spark.swift in Sources */,
				776E7B34260DD09600D2F90C /* QuoteResponse.swift in Sources */,
				77A44305260A427D00C9D642 /* SearchBar.swift in Sources */,
				A5730BA1260E1C9E009068DE /* StocksAPIController.swift in Sources */,
				77D545E7260CA4440075CB51 /* JSON+Ext.swift in Sources */,
				775797F52609E3BB00F748E9 /* Date+Ext.swift in Sources */,
				77B103B626150B8C00440C0B /* LineView.swift in Sources */,
				77B103CA261DAAD300440C0B /* StockCell.swift in Sources */,
				7742AB472611E49C00A8FAD9 /* AppData.swift in Sources */,
				7751E892260B736900629ECA /* StocksListViewModel.swift in Sources */,
				A5DE30EA260E0CCC00413ED4 /* EndPoint.swift in Sources */,
			);
			runOnlyForDeploymentPostprocessing = 0;
		};
		77B103B8261713A200440C0B /* Sources */ = {
			isa = PBXSourcesBuildPhase;
			buildActionMask = 2147483647;
			files = (
				77B103BF261713A200440C0B /* Stocks_EduProjTests.swift in Sources */,
			);
			runOnlyForDeploymentPostprocessing = 0;
		};
/* End PBXSourcesBuildPhase section */

/* Begin PBXTargetDependency section */
		77B103C2261713A200440C0B /* PBXTargetDependency */ = {
			isa = PBXTargetDependency;
			target = 776310322604AB7A00026B9B /* Stocks.EduProj */;
			targetProxy = 77B103C1261713A200440C0B /* PBXContainerItemProxy */;
		};
/* End PBXTargetDependency section */

/* Begin XCBuildConfiguration section */
		776310402604AB7C00026B9B /* Debug */ = {
			isa = XCBuildConfiguration;
			buildSettings = {
				ALWAYS_SEARCH_USER_PATHS = NO;
				CLANG_ANALYZER_NONNULL = YES;
				CLANG_ANALYZER_NUMBER_OBJECT_CONVERSION = YES_AGGRESSIVE;
				CLANG_CXX_LANGUAGE_STANDARD = "gnu++14";
				CLANG_CXX_LIBRARY = "libc++";
				CLANG_ENABLE_MODULES = YES;
				CLANG_ENABLE_OBJC_ARC = YES;
				CLANG_ENABLE_OBJC_WEAK = YES;
				CLANG_WARN_BLOCK_CAPTURE_AUTORELEASING = YES;
				CLANG_WARN_BOOL_CONVERSION = YES;
				CLANG_WARN_COMMA = YES;
				CLANG_WARN_CONSTANT_CONVERSION = YES;
				CLANG_WARN_DEPRECATED_OBJC_IMPLEMENTATIONS = YES;
				CLANG_WARN_DIRECT_OBJC_ISA_USAGE = YES_ERROR;
				CLANG_WARN_DOCUMENTATION_COMMENTS = YES;
				CLANG_WARN_EMPTY_BODY = YES;
				CLANG_WARN_ENUM_CONVERSION = YES;
				CLANG_WARN_INFINITE_RECURSION = YES;
				CLANG_WARN_INT_CONVERSION = YES;
				CLANG_WARN_NON_LITERAL_NULL_CONVERSION = YES;
				CLANG_WARN_OBJC_IMPLICIT_RETAIN_SELF = YES;
				CLANG_WARN_OBJC_LITERAL_CONVERSION = YES;
				CLANG_WARN_OBJC_ROOT_CLASS = YES_ERROR;
				CLANG_WARN_QUOTED_INCLUDE_IN_FRAMEWORK_HEADER = YES;
				CLANG_WARN_RANGE_LOOP_ANALYSIS = YES;
				CLANG_WARN_STRICT_PROTOTYPES = YES;
				CLANG_WARN_SUSPICIOUS_MOVE = YES;
				CLANG_WARN_UNGUARDED_AVAILABILITY = YES_AGGRESSIVE;
				CLANG_WARN_UNREACHABLE_CODE = YES;
				CLANG_WARN__DUPLICATE_METHOD_MATCH = YES;
				COPY_PHASE_STRIP = NO;
				DEBUG_INFORMATION_FORMAT = dwarf;
				ENABLE_STRICT_OBJC_MSGSEND = YES;
				ENABLE_TESTABILITY = YES;
				GCC_C_LANGUAGE_STANDARD = gnu11;
				GCC_DYNAMIC_NO_PIC = NO;
				GCC_NO_COMMON_BLOCKS = YES;
				GCC_OPTIMIZATION_LEVEL = 0;
				GCC_PREPROCESSOR_DEFINITIONS = (
					"DEBUG=1",
					"$(inherited)",
				);
				GCC_WARN_64_TO_32_BIT_CONVERSION = YES;
				GCC_WARN_ABOUT_RETURN_TYPE = YES_ERROR;
				GCC_WARN_UNDECLARED_SELECTOR = YES;
				GCC_WARN_UNINITIALIZED_AUTOS = YES_AGGRESSIVE;
				GCC_WARN_UNUSED_FUNCTION = YES;
				GCC_WARN_UNUSED_VARIABLE = YES;
				IPHONEOS_DEPLOYMENT_TARGET = 14.4;
				MTL_ENABLE_DEBUG_INFO = INCLUDE_SOURCE;
				MTL_FAST_MATH = YES;
				ONLY_ACTIVE_ARCH = YES;
				SDKROOT = iphoneos;
				SWIFT_ACTIVE_COMPILATION_CONDITIONS = DEBUG;
				SWIFT_OPTIMIZATION_LEVEL = "-Onone";
			};
			name = Debug;
		};
		776310412604AB7C00026B9B /* Release */ = {
			isa = XCBuildConfiguration;
			buildSettings = {
				ALWAYS_SEARCH_USER_PATHS = NO;
				CLANG_ANALYZER_NONNULL = YES;
				CLANG_ANALYZER_NUMBER_OBJECT_CONVERSION = YES_AGGRESSIVE;
				CLANG_CXX_LANGUAGE_STANDARD = "gnu++14";
				CLANG_CXX_LIBRARY = "libc++";
				CLANG_ENABLE_MODULES = YES;
				CLANG_ENABLE_OBJC_ARC = YES;
				CLANG_ENABLE_OBJC_WEAK = YES;
				CLANG_WARN_BLOCK_CAPTURE_AUTORELEASING = YES;
				CLANG_WARN_BOOL_CONVERSION = YES;
				CLANG_WARN_COMMA = YES;
				CLANG_WARN_CONSTANT_CONVERSION = YES;
				CLANG_WARN_DEPRECATED_OBJC_IMPLEMENTATIONS = YES;
				CLANG_WARN_DIRECT_OBJC_ISA_USAGE = YES_ERROR;
				CLANG_WARN_DOCUMENTATION_COMMENTS = YES;
				CLANG_WARN_EMPTY_BODY = YES;
				CLANG_WARN_ENUM_CONVERSION = YES;
				CLANG_WARN_INFINITE_RECURSION = YES;
				CLANG_WARN_INT_CONVERSION = YES;
				CLANG_WARN_NON_LITERAL_NULL_CONVERSION = YES;
				CLANG_WARN_OBJC_IMPLICIT_RETAIN_SELF = YES;
				CLANG_WARN_OBJC_LITERAL_CONVERSION = YES;
				CLANG_WARN_OBJC_ROOT_CLASS = YES_ERROR;
				CLANG_WARN_QUOTED_INCLUDE_IN_FRAMEWORK_HEADER = YES;
				CLANG_WARN_RANGE_LOOP_ANALYSIS = YES;
				CLANG_WARN_STRICT_PROTOTYPES = YES;
				CLANG_WARN_SUSPICIOUS_MOVE = YES;
				CLANG_WARN_UNGUARDED_AVAILABILITY = YES_AGGRESSIVE;
				CLANG_WARN_UNREACHABLE_CODE = YES;
				CLANG_WARN__DUPLICATE_METHOD_MATCH = YES;
				COPY_PHASE_STRIP = NO;
				DEBUG_INFORMATION_FORMAT = "dwarf-with-dsym";
				ENABLE_NS_ASSERTIONS = NO;
				ENABLE_STRICT_OBJC_MSGSEND = YES;
				GCC_C_LANGUAGE_STANDARD = gnu11;
				GCC_NO_COMMON_BLOCKS = YES;
				GCC_WARN_64_TO_32_BIT_CONVERSION = YES;
				GCC_WARN_ABOUT_RETURN_TYPE = YES_ERROR;
				GCC_WARN_UNDECLARED_SELECTOR = YES;
				GCC_WARN_UNINITIALIZED_AUTOS = YES_AGGRESSIVE;
				GCC_WARN_UNUSED_FUNCTION = YES;
				GCC_WARN_UNUSED_VARIABLE = YES;
				IPHONEOS_DEPLOYMENT_TARGET = 14.4;
				MTL_ENABLE_DEBUG_INFO = NO;
				MTL_FAST_MATH = YES;
				SDKROOT = iphoneos;
				SWIFT_COMPILATION_MODE = wholemodule;
				SWIFT_OPTIMIZATION_LEVEL = "-O";
				VALIDATE_PRODUCT = YES;
			};
			name = Release;
		};
		776310432604AB7C00026B9B /* Debug */ = {
			isa = XCBuildConfiguration;
			buildSettings = {
				ASSETCATALOG_COMPILER_APPICON_NAME = AppIcon;
				ASSETCATALOG_COMPILER_GLOBAL_ACCENT_COLOR_NAME = AccentColor;
				CODE_SIGN_STYLE = Automatic;
				DEVELOPMENT_ASSET_PATHS = "\"Stocks.EduProj/Preview Content\"";
				DEVELOPMENT_TEAM = DY56Q5798L;
				ENABLE_PREVIEWS = YES;
				INFOPLIST_FILE = Stocks.EduProj/Info.plist;
				IPHONEOS_DEPLOYMENT_TARGET = 14.0;
				LD_RUNPATH_SEARCH_PATHS = (
					"$(inherited)",
					"@executable_path/Frameworks",
				);
				PRODUCT_BUNDLE_IDENTIFIER = "com.V.Stocks-EduProj";
				PRODUCT_NAME = "$(TARGET_NAME)";
				SWIFT_VERSION = 5.0;
				TARGETED_DEVICE_FAMILY = 1;
			};
			name = Debug;
		};
		776310442604AB7C00026B9B /* Release */ = {
			isa = XCBuildConfiguration;
			buildSettings = {
				ASSETCATALOG_COMPILER_APPICON_NAME = AppIcon;
				ASSETCATALOG_COMPILER_GLOBAL_ACCENT_COLOR_NAME = AccentColor;
				CODE_SIGN_STYLE = Automatic;
				DEVELOPMENT_ASSET_PATHS = "\"Stocks.EduProj/Preview Content\"";
				DEVELOPMENT_TEAM = DY56Q5798L;
				ENABLE_PREVIEWS = YES;
				INFOPLIST_FILE = Stocks.EduProj/Info.plist;
				IPHONEOS_DEPLOYMENT_TARGET = 14.0;
				LD_RUNPATH_SEARCH_PATHS = (
					"$(inherited)",
					"@executable_path/Frameworks",
				);
				PRODUCT_BUNDLE_IDENTIFIER = "com.V.Stocks-EduProj";
				PRODUCT_NAME = "$(TARGET_NAME)";
				SWIFT_VERSION = 5.0;
				TARGETED_DEVICE_FAMILY = 1;
			};
			name = Release;
		};
		77B103C4261713A200440C0B /* Debug */ = {
			isa = XCBuildConfiguration;
			buildSettings = {
				BUNDLE_LOADER = "$(TEST_HOST)";
				CODE_SIGN_STYLE = Automatic;
				DEVELOPMENT_TEAM = DY56Q5798L;
				INFOPLIST_FILE = Stocks.EduProjTests/Info.plist;
				LD_RUNPATH_SEARCH_PATHS = (
					"$(inherited)",
					"@executable_path/Frameworks",
					"@loader_path/Frameworks",
				);
				PRODUCT_BUNDLE_IDENTIFIER = "com.V.Stocks-EduProjTests";
				PRODUCT_NAME = "$(TARGET_NAME)";
				SWIFT_VERSION = 5.0;
				TARGETED_DEVICE_FAMILY = "1,2";
				TEST_HOST = "$(BUILT_PRODUCTS_DIR)/Stocks.EduProj.app/Stocks.EduProj";
			};
			name = Debug;
		};
		77B103C5261713A200440C0B /* Release */ = {
			isa = XCBuildConfiguration;
			buildSettings = {
				BUNDLE_LOADER = "$(TEST_HOST)";
				CODE_SIGN_STYLE = Automatic;
				DEVELOPMENT_TEAM = DY56Q5798L;
				INFOPLIST_FILE = Stocks.EduProjTests/Info.plist;
				LD_RUNPATH_SEARCH_PATHS = (
					"$(inherited)",
					"@executable_path/Frameworks",
					"@loader_path/Frameworks",
				);
				PRODUCT_BUNDLE_IDENTIFIER = "com.V.Stocks-EduProjTests";
				PRODUCT_NAME = "$(TARGET_NAME)";
				SWIFT_VERSION = 5.0;
				TARGETED_DEVICE_FAMILY = "1,2";
				TEST_HOST = "$(BUILT_PRODUCTS_DIR)/Stocks.EduProj.app/Stocks.EduProj";
			};
			name = Release;
		};
/* End XCBuildConfiguration section */

/* Begin XCConfigurationList section */
		7763102E2604AB7A00026B9B /* Build configuration list for PBXProject "Stocks.EduProj" */ = {
			isa = XCConfigurationList;
			buildConfigurations = (
				776310402604AB7C00026B9B /* Debug */,
				776310412604AB7C00026B9B /* Release */,
			);
			defaultConfigurationIsVisible = 0;
			defaultConfigurationName = Release;
		};
		776310422604AB7C00026B9B /* Build configuration list for PBXNativeTarget "Stocks.EduProj" */ = {
			isa = XCConfigurationList;
			buildConfigurations = (
				776310432604AB7C00026B9B /* Debug */,
				776310442604AB7C00026B9B /* Release */,
			);
			defaultConfigurationIsVisible = 0;
			defaultConfigurationName = Release;
		};
		77B103C3261713A200440C0B /* Build configuration list for PBXNativeTarget "Stocks.EduProjTests" */ = {
			isa = XCConfigurationList;
			buildConfigurations = (
				77B103C4261713A200440C0B /* Debug */,
				77B103C5261713A200440C0B /* Release */,
			);
			defaultConfigurationIsVisible = 0;
			defaultConfigurationName = Release;
		};
/* End XCConfigurationList section */

/* Begin XCRemoteSwiftPackageReference section */
		7751E88C260B590900629ECA /* XCRemoteSwiftPackageReference "Alamofire" */ = {
			isa = XCRemoteSwiftPackageReference;
			repositoryURL = "https://github.com/Alamofire/Alamofire.git";
			requirement = {
				kind = upToNextMajorVersion;
				minimumVersion = 5.4.1;
			};
		};
		77D545E2260C94F00075CB51 /* XCRemoteSwiftPackageReference "SwiftyJSON" */ = {
			isa = XCRemoteSwiftPackageReference;
			repositoryURL = "https://github.com/SwiftyJSON/SwiftyJSON";
			requirement = {
				kind = upToNextMajorVersion;
				minimumVersion = 5.0.0;
			};
		};
		77E9BC842612073E0025816B /* XCRemoteSwiftPackageReference "NavigationSearchBar" */ = {
			isa = XCRemoteSwiftPackageReference;
			repositoryURL = "https://github.com/markvanwijnen/NavigationSearchBar";
			requirement = {
				kind = upToNextMajorVersion;
				minimumVersion = 1.1.0;
			};
		};
		A5ED54DF2624391300494EE6 /* XCRemoteSwiftPackageReference "swiftui-charts" */ = {
			isa = XCRemoteSwiftPackageReference;
			repositoryURL = "https://github.com/spacenation/swiftui-charts";
			requirement = {
				kind = upToNextMajorVersion;
				minimumVersion = 1.0.0;
			};
		};
/* End XCRemoteSwiftPackageReference section */

/* Begin XCSwiftPackageProductDependency section */
		7751E88D260B590900629ECA /* Alamofire */ = {
			isa = XCSwiftPackageProductDependency;
			package = 7751E88C260B590900629ECA /* XCRemoteSwiftPackageReference "Alamofire" */;
			productName = Alamofire;
		};
		77D545E3260C94F00075CB51 /* SwiftyJSON */ = {
			isa = XCSwiftPackageProductDependency;
			package = 77D545E2260C94F00075CB51 /* XCRemoteSwiftPackageReference "SwiftyJSON" */;
			productName = SwiftyJSON;
		};
		77E9BC852612073E0025816B /* NavigationSearchBar */ = {
			isa = XCSwiftPackageProductDependency;
			package = 77E9BC842612073E0025816B /* XCRemoteSwiftPackageReference "NavigationSearchBar" */;
			productName = NavigationSearchBar;
		};
		A5ED54E02624391300494EE6 /* Charts */ = {
			isa = XCSwiftPackageProductDependency;
			package = A5ED54DF2624391300494EE6 /* XCRemoteSwiftPackageReference "swiftui-charts" */;
			productName = Charts;
		};
/* End XCSwiftPackageProductDependency section */
	};
	rootObject = 7763102B2604AB7A00026B9B /* Project object */;
}
